
Microsoft Visual Studio Solution File, Format Version 12.00
# Visual Studio Version 17
VisualStudioVersion = 17.3.32929.385
MinimumVisualStudioVersion = 10.0.40219.1
Project("{FAE04EC0-301F-11D3-BF4B-00C04F79EFBC}") = "Storage5", "Storage5\Storage5.csproj", "{E707FF80-46F9-4804-9797-9A99FE26D220}"
EndProject
Global
	GlobalSection(SolutionConfigurationPlatforms) = preSolution
		Debug|Any CPU = Debug|Any CPU
		Release|Any CPU = Release|Any CPU
	EndGlobalSection
	GlobalSection(ProjectConfigurationPlatforms) = postSolution
		{E707FF80-46F9-4804-9797-9A99FE26D220}.Debug|Any CPU.ActiveCfg = Debug|Any CPU
		{E707FF80-46F9-4804-9797-9A99FE26D220}.Debug|Any CPU.Build.0 = Debug|Any CPU
		{E707FF80-46F9-4804-9797-9A99FE26D220}.Release|Any CPU.ActiveCfg = Release|Any CPU
		{E707FF80-46F9-4804-9797-9A99FE26D220}.Release|Any CPU.Build.0 = Release|Any CPU
	EndGlobalSection
	GlobalSection(SolutionProperties) = preSolution
		HideSolutionNode = FALSE
	EndGlobalSection
	GlobalSection(ExtensibilityGlobals) = postSolution
		SolutionGuid = {7A3361B7-28D1-47EC-B7A8-939FE8DD8ED4}
	EndGlobalSection
EndGlobal
